
Microsoft Visual Studio Solution File, Format Version 12.00
# Visual Studio Version 17
VisualStudioVersion = 17.0.31903.59
MinimumVisualStudioVersion = 10.0.40219.1
Project("{2150E333-8FDC-42A3-9474-1A3956D46DE8}") = "src", "src", "{84D433E6-EE2B-426A-8A67-AA790478CFF3}"
EndProject
Project("{FAE04EC0-301F-11D3-BF4B-00C04F79EFBC}") = "PaperStok.Core", "src\PaperStok.Core\PaperStok.Core.csproj", "{E9568482-CA41-496E-BC77-D7327F249BA9}"
EndProject
Project("{2150E333-8FDC-42A3-9474-1A3956D46DE8}") = "tests", "tests", "{02A493D2-BE46-4416-9449-CE5C7DA8633D}"
EndProject
Project("{FAE04EC0-301F-11D3-BF4B-00C04F79EFBC}") = "PaperStok.Core.Tests", "tests\PaperStok.Core.Tests\PaperStok.Core.Tests.csproj", "{CB369CFD-721C-4AED-856E-ACF04EE8CE33}"
EndProject
Project("{FAE04EC0-301F-11D3-BF4B-00C04F79EFBC}") = "PaperStok.App", "src\PaperStok.App\PaperStok.App.csproj", "{A3A9575D-5AAE-4356-95F7-AB7B46CDFBA8}"
EndProject
Global
	GlobalSection(SolutionConfigurationPlatforms) = preSolution
		Debug|Any CPU = Debug|Any CPU
		Release|Any CPU = Release|Any CPU
	EndGlobalSection
	GlobalSection(SolutionProperties) = preSolution
		HideSolutionNode = FALSE
	EndGlobalSection
	GlobalSection(ProjectConfigurationPlatforms) = postSolution
		{E9568482-CA41-496E-BC77-D7327F249BA9}.Debug|Any CPU.ActiveCfg = Debug|Any CPU
		{E9568482-CA41-496E-BC77-D7327F249BA9}.Debug|Any CPU.Build.0 = Debug|Any CPU
		{E9568482-CA41-496E-BC77-D7327F249BA9}.Release|Any CPU.ActiveCfg = Release|Any CPU
		{E9568482-CA41-496E-BC77-D7327F249BA9}.Release|Any CPU.Build.0 = Release|Any CPU
		{CB369CFD-721C-4AED-856E-ACF04EE8CE33}.Debug|Any CPU.ActiveCfg = Debug|Any CPU
		{CB369CFD-721C-4AED-856E-ACF04EE8CE33}.Debug|Any CPU.Build.0 = Debug|Any CPU
		{CB369CFD-721C-4AED-856E-ACF04EE8CE33}.Release|Any CPU.ActiveCfg = Release|Any CPU
		{CB369CFD-721C-4AED-856E-ACF04EE8CE33}.Release|Any CPU.Build.0 = Release|Any CPU
		{A3A9575D-5AAE-4356-95F7-AB7B46CDFBA8}.Debug|Any CPU.ActiveCfg = Debug|Any CPU
		{A3A9575D-5AAE-4356-95F7-AB7B46CDFBA8}.Debug|Any CPU.Build.0 = Debug|Any CPU
		{A3A9575D-5AAE-4356-95F7-AB7B46CDFBA8}.Release|Any CPU.ActiveCfg = Release|Any CPU
		{A3A9575D-5AAE-4356-95F7-AB7B46CDFBA8}.Release|Any CPU.Build.0 = Release|Any CPU
	EndGlobalSection
	GlobalSection(NestedProjects) = preSolution
		{E9568482-CA41-496E-BC77-D7327F249BA9} = {84D433E6-EE2B-426A-8A67-AA790478CFF3}
		{CB369CFD-721C-4AED-856E-ACF04EE8CE33} = {02A493D2-BE46-4416-9449-CE5C7DA8633D}
		{A3A9575D-5AAE-4356-95F7-AB7B46CDFBA8} = {84D433E6-EE2B-426A-8A67-AA790478CFF3}
	EndGlobalSection
EndGlobal
